
Microsoft Visual Studio Solution File, Format Version 12.00
# Visual Studio Version 17
VisualStudioVersion = 17.4.32916.344
MinimumVisualStudioVersion = 10.0.40219.1
Project("{9A19103F-16F7-4668-BE54-9A1E7A4F7556}") = "SharePointGraphClientSecret", "SharePointGraphClientSecret\SharePointGraphClientSecret.csproj", "{8AD86845-CD31-4621-8318-185E42CC3536}"
EndProject
Global
	GlobalSection(SolutionConfigurationPlatforms) = preSolution
		Debug|Any CPU = Debug|Any CPU
		Release|Any CPU = Release|Any CPU
	EndGlobalSection
	GlobalSection(ProjectConfigurationPlatforms) = postSolution
		{8AD86845-CD31-4621-8318-185E42CC3536}.Debug|Any CPU.ActiveCfg = Debug|Any CPU
		{8AD86845-CD31-4621-8318-185E42CC3536}.Debug|Any CPU.Build.0 = Debug|Any CPU
		{8AD86845-CD31-4621-8318-185E42CC3536}.Release|Any CPU.ActiveCfg = Release|Any CPU
		{8AD86845-CD31-4621-8318-185E42CC3536}.Release|Any CPU.Build.0 = Release|Any CPU
	EndGlobalSection
	GlobalSection(SolutionProperties) = preSolution
		HideSolutionNode = FALSE
	EndGlobalSection
	GlobalSection(ExtensibilityGlobals) = postSolution
		SolutionGuid = {4FD2A36F-6801-4119-9CAE-44E3D3E66F39}
	EndGlobalSection
EndGlobal
